
Microsoft Visual Studio Solution File, Format Version 11.00
# Visual Studio 2010
Project("{FAE04EC0-301F-11D3-BF4B-00C04F79EFBC}") = "Demi Soul Clicker", "Assembly-CSharp.csproj", "{31D3947F-60BC-3887-3BB7-D9CD24920711}"
EndProject
Global
	GlobalSection(SolutionConfigurationPlatforms) = preSolution
		Debug|Any CPU = Debug|Any CPU
		Release|Any CPU = Release|Any CPU
	EndGlobalSection
	GlobalSection(ProjectConfigurationPlatforms) = postSolution
		{31D3947F-60BC-3887-3BB7-D9CD24920711}.Debug|Any CPU.ActiveCfg = Debug|Any CPU
		{31D3947F-60BC-3887-3BB7-D9CD24920711}.Debug|Any CPU.Build.0 = Debug|Any CPU
		{31D3947F-60BC-3887-3BB7-D9CD24920711}.Release|Any CPU.ActiveCfg = Release|Any CPU
		{31D3947F-60BC-3887-3BB7-D9CD24920711}.Release|Any CPU.Build.0 = Release|Any CPU
	EndGlobalSection
	GlobalSection(SolutionProperties) = preSolution
		HideSolutionNode = FALSE
	EndGlobalSection
	GlobalSection(MonoDevelopProperties) = preSolution
		StartupItem = Assembly-CSharp.csproj
	EndGlobalSection
EndGlobal
